{
  "sources": {
    "deis": {
      "path": "."
    },
    "apt": {
      "locked_version": "2.3.4"
    },
    "docker": {
      "locked_version": "0.25.1"
    },
    "rsyslog": {
      "locked_version": "1.10.2"
    },
    "sudo": {
      "locked_version": "2.3.0"
    },
    "git": {
      "locked_version": "2.9.0"
    },
    "dmg": {
      "locked_version": "2.1.2"
    },
    "build-essential": {
      "locked_version": "1.4.2"
    },
    "windows": {
      "locked_version": "1.12.6"
    },
    "chef_handler": {
      "locked_version": "1.1.4"
    },
    "runit": {
      "locked_version": "1.5.8"
    },
    "yum": {
      "locked_version": "3.0.4"
    },
    "yum-epel": {
      "locked_version": "0.2.0"
    },
    "golang": {
      "locked_version": "1.2.0"
    },
    "lxc": {
      "locked_version": "1.1.8"
    },
    "dpkg_autostart": {
      "locked_version": "0.1.10"
    },
    "modules": {
      "locked_version": "0.2.0"
    },
    "sysctl": {
      "locked_version": "0.3.5"
    }
  }
}
